
Microsoft Visual Studio Solution File, Format Version 12.00
# Visual Studio Version 17
VisualStudioVersion = 17.2.32630.192
MinimumVisualStudioVersion = 10.0.40219.1
Project("{9A19103F-16F7-4668-BE54-9A1E7A4F7556}") = "Zheng.Infrastructure", "Zheng.Infrastructure\Zheng.Infrastructure.csproj", "{294C2E46-2364-48B4-B5EF-2E978DF803CD}"
EndProject
Project("{9A19103F-16F7-4668-BE54-9A1E7A4F7556}") = "LibraryWebAPI", "LibraryWebAPI\LibraryWebAPI.csproj", "{C92908CE-50AC-4141-AB21-676CE6DE5B48}"
EndProject
Project("{9A19103F-16F7-4668-BE54-9A1E7A4F7556}") = "Zheng.Utilities", "Zheng.Utilities\Zheng.Utilities.csproj", "{04BE4E32-55C3-4D09-AE1A-CF4CCF2A6E69}"
EndProject
Project("{9A19103F-16F7-4668-BE54-9A1E7A4F7556}") = "LibraryMVC", "LibraryMVC\LibraryMVC.csproj", "{6CBE9C53-14DD-4620-99B1-4F91D0DE1830}"
EndProject
Project("{FAE04EC0-301F-11D3-BF4B-00C04F79EFBC}") = "LibraryWebAPI.Tests", "LibraryWebAPI.Tests\LibraryWebAPI.Tests.csproj", "{9A9A6D9A-EE37-409D-92F2-E985091D7238}"
EndProject
Global
	GlobalSection(SolutionConfigurationPlatforms) = preSolution
		Debug|Any CPU = Debug|Any CPU
		Release|Any CPU = Release|Any CPU
	EndGlobalSection
	GlobalSection(ProjectConfigurationPlatforms) = postSolution
		{294C2E46-2364-48B4-B5EF-2E978DF803CD}.Debug|Any CPU.ActiveCfg = Debug|Any CPU
		{294C2E46-2364-48B4-B5EF-2E978DF803CD}.Debug|Any CPU.Build.0 = Debug|Any CPU
		{294C2E46-2364-48B4-B5EF-2E978DF803CD}.Release|Any CPU.ActiveCfg = Release|Any CPU
		{294C2E46-2364-48B4-B5EF-2E978DF803CD}.Release|Any CPU.Build.0 = Release|Any CPU
		{C92908CE-50AC-4141-AB21-676CE6DE5B48}.Debug|Any CPU.ActiveCfg = Debug|Any CPU
		{C92908CE-50AC-4141-AB21-676CE6DE5B48}.Debug|Any CPU.Build.0 = Debug|Any CPU
		{C92908CE-50AC-4141-AB21-676CE6DE5B48}.Release|Any CPU.ActiveCfg = Release|Any CPU
		{C92908CE-50AC-4141-AB21-676CE6DE5B48}.Release|Any CPU.Build.0 = Release|Any CPU
		{04BE4E32-55C3-4D09-AE1A-CF4CCF2A6E69}.Debug|Any CPU.ActiveCfg = Debug|Any CPU
		{04BE4E32-55C3-4D09-AE1A-CF4CCF2A6E69}.Debug|Any CPU.Build.0 = Debug|Any CPU
		{04BE4E32-55C3-4D09-AE1A-CF4CCF2A6E69}.Release|Any CPU.ActiveCfg = Release|Any CPU
		{04BE4E32-55C3-4D09-AE1A-CF4CCF2A6E69}.Release|Any CPU.Build.0 = Release|Any CPU
		{6CBE9C53-14DD-4620-99B1-4F91D0DE1830}.Debug|Any CPU.ActiveCfg = Debug|Any CPU
		{6CBE9C53-14DD-4620-99B1-4F91D0DE1830}.Debug|Any CPU.Build.0 = Debug|Any CPU
		{6CBE9C53-14DD-4620-99B1-4F91D0DE1830}.Release|Any CPU.ActiveCfg = Release|Any CPU
		{6CBE9C53-14DD-4620-99B1-4F91D0DE1830}.Release|Any CPU.Build.0 = Release|Any CPU
		{9A9A6D9A-EE37-409D-92F2-E985091D7238}.Debug|Any CPU.ActiveCfg = Debug|Any CPU
		{9A9A6D9A-EE37-409D-92F2-E985091D7238}.Debug|Any CPU.Build.0 = Debug|Any CPU
		{9A9A6D9A-EE37-409D-92F2-E985091D7238}.Release|Any CPU.ActiveCfg = Release|Any CPU
		{9A9A6D9A-EE37-409D-92F2-E985091D7238}.Release|Any CPU.Build.0 = Release|Any CPU
	EndGlobalSection
	GlobalSection(SolutionProperties) = preSolution
		HideSolutionNode = FALSE
	EndGlobalSection
	GlobalSection(ExtensibilityGlobals) = postSolution
		SolutionGuid = {2345333F-AF81-4034-AABF-FE647BC367D2}
	EndGlobalSection
EndGlobal
