
Microsoft Visual Studio Solution File, Format Version 12.00
# Visual Studio Version 17
VisualStudioVersion = 17.2.32630.192
MinimumVisualStudioVersion = 10.0.40219.1
Project("{9A19103F-16F7-4668-BE54-9A1E7A4F7556}") = "Library", "Library\Library.csproj", "{D56A06BD-5B9B-4F19-8281-540895FF3EEF}"
EndProject
Project("{9A19103F-16F7-4668-BE54-9A1E7A4F7556}") = "Zheng.Infrastructure", "Zheng.Infrastructure\Zheng.Infrastructure.csproj", "{294C2E46-2364-48B4-B5EF-2E978DF803CD}"
EndProject
Project("{9A19103F-16F7-4668-BE54-9A1E7A4F7556}") = "LibraryWebAPI", "LibraryWebAPI\LibraryWebAPI.csproj", "{C92908CE-50AC-4141-AB21-676CE6DE5B48}"
EndProject
Project("{FAE04EC0-301F-11D3-BF4B-00C04F79EFBC}") = "Zheng.Application", "Zheng.Application\Zheng.Application.csproj", "{5C1DAD5A-B9D7-41F7-857A-8F0A0075DC4F}"
EndProject
Global
	GlobalSection(SolutionConfigurationPlatforms) = preSolution
		Debug|Any CPU = Debug|Any CPU
		Release|Any CPU = Release|Any CPU
	EndGlobalSection
	GlobalSection(ProjectConfigurationPlatforms) = postSolution
		{D56A06BD-5B9B-4F19-8281-540895FF3EEF}.Debug|Any CPU.ActiveCfg = Debug|Any CPU
		{D56A06BD-5B9B-4F19-8281-540895FF3EEF}.Debug|Any CPU.Build.0 = Debug|Any CPU
		{D56A06BD-5B9B-4F19-8281-540895FF3EEF}.Release|Any CPU.ActiveCfg = Release|Any CPU
		{D56A06BD-5B9B-4F19-8281-540895FF3EEF}.Release|Any CPU.Build.0 = Release|Any CPU
		{294C2E46-2364-48B4-B5EF-2E978DF803CD}.Debug|Any CPU.ActiveCfg = Debug|Any CPU
		{294C2E46-2364-48B4-B5EF-2E978DF803CD}.Debug|Any CPU.Build.0 = Debug|Any CPU
		{294C2E46-2364-48B4-B5EF-2E978DF803CD}.Release|Any CPU.ActiveCfg = Release|Any CPU
		{294C2E46-2364-48B4-B5EF-2E978DF803CD}.Release|Any CPU.Build.0 = Release|Any CPU
		{C92908CE-50AC-4141-AB21-676CE6DE5B48}.Debug|Any CPU.ActiveCfg = Debug|Any CPU
		{C92908CE-50AC-4141-AB21-676CE6DE5B48}.Debug|Any CPU.Build.0 = Debug|Any CPU
		{C92908CE-50AC-4141-AB21-676CE6DE5B48}.Release|Any CPU.ActiveCfg = Release|Any CPU
		{C92908CE-50AC-4141-AB21-676CE6DE5B48}.Release|Any CPU.Build.0 = Release|Any CPU
		{5C1DAD5A-B9D7-41F7-857A-8F0A0075DC4F}.Debug|Any CPU.ActiveCfg = Debug|Any CPU
		{5C1DAD5A-B9D7-41F7-857A-8F0A0075DC4F}.Debug|Any CPU.Build.0 = Debug|Any CPU
		{5C1DAD5A-B9D7-41F7-857A-8F0A0075DC4F}.Release|Any CPU.ActiveCfg = Release|Any CPU
		{5C1DAD5A-B9D7-41F7-857A-8F0A0075DC4F}.Release|Any CPU.Build.0 = Release|Any CPU
	EndGlobalSection
	GlobalSection(SolutionProperties) = preSolution
		HideSolutionNode = FALSE
	EndGlobalSection
	GlobalSection(ExtensibilityGlobals) = postSolution
		SolutionGuid = {2345333F-AF81-4034-AABF-FE647BC367D2}
	EndGlobalSection
EndGlobal
